# This file is automatically @generated by Cargo.
# It is not intended for manual editing.
version = 3

[[package]]
name = "pciid-parser"
version = "0.7.2"
source = "registry+https://github.com/rust-lang/crates.io-index"
checksum = "e889f5dad24e8b842a0417e1df0fa250f4e300d1eb88b81d48a9db5bfff6e035"

[[package]]
name = "tmp"
version = "0.1.0"
dependencies = [
 "pciid-parser",
]
